{
  "name": "simple-stun-server",
  "version": "1.0.0",
  "lockfileVersion": 3,
  "requires": true,
  "packages": {
    "": {
      "name": "simple-stun-server",
      "version": "1.0.0",
      "license": "ISC",
      "dependencies": {
        "basic-node-server": "^1.0.11"
      }
    },
    "node_modules/basic-node-server": {
      "version": "1.0.11",
      "resolved": "https://registry.npmjs.org/basic-node-server/-/basic-node-server-1.0.11.tgz",
      "integrity": "sha512-fguuXBCUIY+pWRCD6YgUBsnqh3iRgSReen2EHjVx/+T6DSgAVirdp0T8r6IuxGP44KK0iCb/dHmoKXSs63SipQ==",
      "bin": {
        "bns": "bns.js"
      }
    }
  }
}
