{
  "name": "simple-stun-server",
  "version": "1.0.0",
  "lockfileVersion": 3,
  "requires": true,
  "packages": {
    "": {
      "name": "simple-stun-server",
      "version": "1.0.0",
      "license": "ISC",
      "dependencies": {
        "basic-node-server": "^1.0.6"
      }
    },
    "node_modules/basic-node-server": {
      "version": "1.0.6",
      "resolved": "https://registry.npmjs.org/basic-node-server/-/basic-node-server-1.0.6.tgz",
      "integrity": "sha512-s6BT3dda2Ke9dPyAEmGm4yTA1olW2rAWL9adKP1v0zf/H3OKSJvz04YAK2T8y/H874BthpV8HlhcdkSBm5+3YQ=="
    }
  }
}
